
Microsoft Visual Studio Solution File, Format Version 12.00
# Visual Studio Version 16
VisualStudioVersion = 16.0.29905.134
MinimumVisualStudioVersion = 10.0.40219.1
Project("{9A19103F-16F7-4668-BE54-9A1E7A4F7556}") = "WebAPI", "WebAPI\WebAPI.csproj", "{65F7FE9F-E0C1-428C-8DCC-DF8B0B815158}"
EndProject
Project("{9A19103F-16F7-4668-BE54-9A1E7A4F7556}") = "Web", "Web\Web.csproj", "{CEE33847-69BE-46AF-8892-4B191C905BE6}"
EndProject
Project("{2150E333-8FDC-42A3-9474-1A3956D46DE8}") = "Spider", "Spider", "{0470F611-6CC2-4CAB-86EE-A086252213A3}"
EndProject
Project("{2150E333-8FDC-42A3-9474-1A3956D46DE8}") = "Base", "Base", "{D2556F06-129F-49F2-A69E-A849C31AF4FD}"
EndProject
Project("{9A19103F-16F7-4668-BE54-9A1E7A4F7556}") = "Larpx.ResourceSpider.BaseLibrary", "BaseLibrary\Larpx.ResourceSpider.BaseLibrary.csproj", "{1BFEFAA8-8DD6-4F5B-BDBD-481FF7E5C6D9}"
EndProject
Project("{9A19103F-16F7-4668-BE54-9A1E7A4F7556}") = "Larpx.ResourceSpider.Engine", "Engine\Larpx.ResourceSpider.Engine.csproj", "{AB904EF4-A208-41B0-A84E-3569C10D769F}"
EndProject
Project("{2150E333-8FDC-42A3-9474-1A3956D46DE8}") = "WebSite", "WebSite", "{55124629-6CAB-4451-A903-CDC82364404B}"
EndProject
Project("{FAE04EC0-301F-11D3-BF4B-00C04F79EFBC}") = "PuppeteerSharpSpider", "PuppeteerSharpSpider\PuppeteerSharpSpider.csproj", "{D6448628-4F12-400C-9C5E-E4F429AE6F26}"
EndProject
Project("{888888A0-9F3D-457C-B088-3A5042F75D52}") = "DHTSpider", "DHTSpider\DHTSpider.pyproj", "{3DC932D2-9635-4659-B756-0B8778873A3E}"
EndProject
Project("{2150E333-8FDC-42A3-9474-1A3956D46DE8}") = "DevPlan", "DevPlan", "{4091D428-BAC1-4C45-8EDC-75C1475365B8}"
	ProjectSection(SolutionItems) = preProject
		DevPlan.txt = DevPlan.txt
	EndProjectSection
EndProject
Project("{2150E333-8FDC-42A3-9474-1A3956D46DE8}") = "platform", "platform", "{740A27F1-585A-490B-8659-30A0F2F8B012}"
EndProject
Project("{FAE04EC0-301F-11D3-BF4B-00C04F79EFBC}") = "LocalSpider", "LocalSpider\LocalSpider.csproj", "{A2F0C1F2-41C2-424A-A15B-1B58B548472E}"
EndProject
Project("{9A19103F-16F7-4668-BE54-9A1E7A4F7556}") = "MainSpider", "MainSpider\MainSpider.csproj", "{1894E753-2C02-4174-BD84-BED683A7182C}"
EndProject
Project("{9A19103F-16F7-4668-BE54-9A1E7A4F7556}") = "Larpx.ResourceSpider.ABotEx", "ABotEx\Larpx.ResourceSpider.ABotEx.csproj", "{F54ABCBB-7066-48B5-9AD5-F51F11861E34}"
EndProject
Global
	GlobalSection(SolutionConfigurationPlatforms) = preSolution
		Debug|Any CPU = Debug|Any CPU
		Release|Any CPU = Release|Any CPU
	EndGlobalSection
	GlobalSection(ProjectConfigurationPlatforms) = postSolution
		{65F7FE9F-E0C1-428C-8DCC-DF8B0B815158}.Debug|Any CPU.ActiveCfg = Debug|Any CPU
		{65F7FE9F-E0C1-428C-8DCC-DF8B0B815158}.Debug|Any CPU.Build.0 = Debug|Any CPU
		{65F7FE9F-E0C1-428C-8DCC-DF8B0B815158}.Release|Any CPU.ActiveCfg = Release|Any CPU
		{65F7FE9F-E0C1-428C-8DCC-DF8B0B815158}.Release|Any CPU.Build.0 = Release|Any CPU
		{CEE33847-69BE-46AF-8892-4B191C905BE6}.Debug|Any CPU.ActiveCfg = Debug|Any CPU
		{CEE33847-69BE-46AF-8892-4B191C905BE6}.Debug|Any CPU.Build.0 = Debug|Any CPU
		{CEE33847-69BE-46AF-8892-4B191C905BE6}.Release|Any CPU.ActiveCfg = Release|Any CPU
		{CEE33847-69BE-46AF-8892-4B191C905BE6}.Release|Any CPU.Build.0 = Release|Any CPU
		{1BFEFAA8-8DD6-4F5B-BDBD-481FF7E5C6D9}.Debug|Any CPU.ActiveCfg = Debug|Any CPU
		{1BFEFAA8-8DD6-4F5B-BDBD-481FF7E5C6D9}.Debug|Any CPU.Build.0 = Debug|Any CPU
		{1BFEFAA8-8DD6-4F5B-BDBD-481FF7E5C6D9}.Release|Any CPU.ActiveCfg = Release|Any CPU
		{1BFEFAA8-8DD6-4F5B-BDBD-481FF7E5C6D9}.Release|Any CPU.Build.0 = Release|Any CPU
		{AB904EF4-A208-41B0-A84E-3569C10D769F}.Debug|Any CPU.ActiveCfg = Debug|Any CPU
		{AB904EF4-A208-41B0-A84E-3569C10D769F}.Debug|Any CPU.Build.0 = Debug|Any CPU
		{AB904EF4-A208-41B0-A84E-3569C10D769F}.Release|Any CPU.ActiveCfg = Release|Any CPU
		{AB904EF4-A208-41B0-A84E-3569C10D769F}.Release|Any CPU.Build.0 = Release|Any CPU
		{D6448628-4F12-400C-9C5E-E4F429AE6F26}.Debug|Any CPU.ActiveCfg = Debug|Any CPU
		{D6448628-4F12-400C-9C5E-E4F429AE6F26}.Debug|Any CPU.Build.0 = Debug|Any CPU
		{D6448628-4F12-400C-9C5E-E4F429AE6F26}.Release|Any CPU.ActiveCfg = Release|Any CPU
		{D6448628-4F12-400C-9C5E-E4F429AE6F26}.Release|Any CPU.Build.0 = Release|Any CPU
		{3DC932D2-9635-4659-B756-0B8778873A3E}.Debug|Any CPU.ActiveCfg = Debug|Any CPU
		{3DC932D2-9635-4659-B756-0B8778873A3E}.Release|Any CPU.ActiveCfg = Release|Any CPU
		{A2F0C1F2-41C2-424A-A15B-1B58B548472E}.Debug|Any CPU.ActiveCfg = Debug|Any CPU
		{A2F0C1F2-41C2-424A-A15B-1B58B548472E}.Debug|Any CPU.Build.0 = Debug|Any CPU
		{A2F0C1F2-41C2-424A-A15B-1B58B548472E}.Release|Any CPU.ActiveCfg = Release|Any CPU
		{A2F0C1F2-41C2-424A-A15B-1B58B548472E}.Release|Any CPU.Build.0 = Release|Any CPU
		{1894E753-2C02-4174-BD84-BED683A7182C}.Debug|Any CPU.ActiveCfg = Debug|Any CPU
		{1894E753-2C02-4174-BD84-BED683A7182C}.Debug|Any CPU.Build.0 = Debug|Any CPU
		{1894E753-2C02-4174-BD84-BED683A7182C}.Release|Any CPU.ActiveCfg = Release|Any CPU
		{1894E753-2C02-4174-BD84-BED683A7182C}.Release|Any CPU.Build.0 = Release|Any CPU
		{F54ABCBB-7066-48B5-9AD5-F51F11861E34}.Debug|Any CPU.ActiveCfg = Debug|Any CPU
		{F54ABCBB-7066-48B5-9AD5-F51F11861E34}.Debug|Any CPU.Build.0 = Debug|Any CPU
		{F54ABCBB-7066-48B5-9AD5-F51F11861E34}.Release|Any CPU.ActiveCfg = Release|Any CPU
		{F54ABCBB-7066-48B5-9AD5-F51F11861E34}.Release|Any CPU.Build.0 = Release|Any CPU
	EndGlobalSection
	GlobalSection(SolutionProperties) = preSolution
		HideSolutionNode = FALSE
	EndGlobalSection
	GlobalSection(NestedProjects) = preSolution
		{65F7FE9F-E0C1-428C-8DCC-DF8B0B815158} = {55124629-6CAB-4451-A903-CDC82364404B}
		{CEE33847-69BE-46AF-8892-4B191C905BE6} = {55124629-6CAB-4451-A903-CDC82364404B}
		{1BFEFAA8-8DD6-4F5B-BDBD-481FF7E5C6D9} = {D2556F06-129F-49F2-A69E-A849C31AF4FD}
		{AB904EF4-A208-41B0-A84E-3569C10D769F} = {D2556F06-129F-49F2-A69E-A849C31AF4FD}
		{D6448628-4F12-400C-9C5E-E4F429AE6F26} = {0470F611-6CC2-4CAB-86EE-A086252213A3}
		{3DC932D2-9635-4659-B756-0B8778873A3E} = {0470F611-6CC2-4CAB-86EE-A086252213A3}
		{A2F0C1F2-41C2-424A-A15B-1B58B548472E} = {0470F611-6CC2-4CAB-86EE-A086252213A3}
		{1894E753-2C02-4174-BD84-BED683A7182C} = {0470F611-6CC2-4CAB-86EE-A086252213A3}
		{F54ABCBB-7066-48B5-9AD5-F51F11861E34} = {D2556F06-129F-49F2-A69E-A849C31AF4FD}
	EndGlobalSection
	GlobalSection(ExtensibilityGlobals) = postSolution
		SolutionGuid = {4CA0C91B-9CBA-4BEC-B33C-8735861D0714}
	EndGlobalSection
EndGlobal
