
Microsoft Visual Studio Solution File, Format Version 12.00
# Visual Studio Version 16
VisualStudioVersion = 16.0.29905.134
MinimumVisualStudioVersion = 10.0.40219.1
Project("{FAE04EC0-301F-11D3-BF4B-00C04F79EFBC}") = "MainSpider", "MainSpider\MainSpider.csproj", "{697B7CDD-68C6-4B85-90F1-2F3791DE0689}"
EndProject
Project("{FAE04EC0-301F-11D3-BF4B-00C04F79EFBC}") = "Common", "Common\Common.csproj", "{1871A3F8-1857-48A7-8D9F-AC43C66101E5}"
EndProject
Project("{FAE04EC0-301F-11D3-BF4B-00C04F79EFBC}") = "WebAPI", "WebAPI\WebAPI.csproj", "{65F7FE9F-E0C1-428C-8DCC-DF8B0B815158}"
EndProject
Project("{FAE04EC0-301F-11D3-BF4B-00C04F79EFBC}") = "Web", "Web\Web.csproj", "{35CC95DD-5602-4577-824B-F6C7C701B6AB}"
EndProject
Global
	GlobalSection(SolutionConfigurationPlatforms) = preSolution
		Debug|Any CPU = Debug|Any CPU
		Release|Any CPU = Release|Any CPU
	EndGlobalSection
	GlobalSection(ProjectConfigurationPlatforms) = postSolution
		{697B7CDD-68C6-4B85-90F1-2F3791DE0689}.Debug|Any CPU.ActiveCfg = Debug|Any CPU
		{697B7CDD-68C6-4B85-90F1-2F3791DE0689}.Debug|Any CPU.Build.0 = Debug|Any CPU
		{697B7CDD-68C6-4B85-90F1-2F3791DE0689}.Release|Any CPU.ActiveCfg = Release|Any CPU
		{697B7CDD-68C6-4B85-90F1-2F3791DE0689}.Release|Any CPU.Build.0 = Release|Any CPU
		{1871A3F8-1857-48A7-8D9F-AC43C66101E5}.Debug|Any CPU.ActiveCfg = Debug|Any CPU
		{1871A3F8-1857-48A7-8D9F-AC43C66101E5}.Debug|Any CPU.Build.0 = Debug|Any CPU
		{1871A3F8-1857-48A7-8D9F-AC43C66101E5}.Release|Any CPU.ActiveCfg = Release|Any CPU
		{1871A3F8-1857-48A7-8D9F-AC43C66101E5}.Release|Any CPU.Build.0 = Release|Any CPU
		{65F7FE9F-E0C1-428C-8DCC-DF8B0B815158}.Debug|Any CPU.ActiveCfg = Debug|Any CPU
		{65F7FE9F-E0C1-428C-8DCC-DF8B0B815158}.Debug|Any CPU.Build.0 = Debug|Any CPU
		{65F7FE9F-E0C1-428C-8DCC-DF8B0B815158}.Release|Any CPU.ActiveCfg = Release|Any CPU
		{65F7FE9F-E0C1-428C-8DCC-DF8B0B815158}.Release|Any CPU.Build.0 = Release|Any CPU
		{35CC95DD-5602-4577-824B-F6C7C701B6AB}.Debug|Any CPU.ActiveCfg = Debug|Any CPU
		{35CC95DD-5602-4577-824B-F6C7C701B6AB}.Debug|Any CPU.Build.0 = Debug|Any CPU
		{35CC95DD-5602-4577-824B-F6C7C701B6AB}.Release|Any CPU.ActiveCfg = Release|Any CPU
		{35CC95DD-5602-4577-824B-F6C7C701B6AB}.Release|Any CPU.Build.0 = Release|Any CPU
	EndGlobalSection
	GlobalSection(SolutionProperties) = preSolution
		HideSolutionNode = FALSE
	EndGlobalSection
	GlobalSection(ExtensibilityGlobals) = postSolution
		SolutionGuid = {4CA0C91B-9CBA-4BEC-B33C-8735861D0714}
	EndGlobalSection
EndGlobal
